
Microsoft Visual Studio Solution File, Format Version 12.00
# Visual Studio 15
Project("{FAE04EC0-301F-11D3-BF4B-00C04F79EFBC}") = "lab4", "lab4\lab4.csproj", "{F58025E3-9631-4743-AAD6-8F93200F34CA}"
EndProject
Global
	GlobalSection(SolutionConfigurationPlatforms) = preSolution
		Debug|anycpu = Debug|anycpu
		Release|anycpu = Release|anycpu
	EndGlobalSection
	GlobalSection(ProjectConfigurationPlatforms) = postSolution
		{F58025E3-9631-4743-AAD6-8F93200F34CA}.Debug|anycpu.ActiveCfg = Debug|anycpu
		{F58025E3-9631-4743-AAD6-8F93200F34CA}.Debug|anycpu.Build.0 = Debug|anycpu
		{F58025E3-9631-4743-AAD6-8F93200F34CA}.Release|anycpu.ActiveCfg = Release|anycpu
		{F58025E3-9631-4743-AAD6-8F93200F34CA}.Release|anycpu.Build.0 = Release|anycpu
	EndGlobalSection
EndGlobal
